// !$*UTF8*$!
{
	archiveVersion = 1;
	classes = {
	};
	objectVersion = 51;
	objects = {

/* Begin PBXBuildFile section */
		34BC10C5240534ED0082476D /* AppDelegate.swift in Sources */ = {isa = PBXBuildFile; fileRef = 34BC10C4240534ED0082476D /* AppDelegate.swift */; };
		34BC10C7240534ED0082476D /* SceneDelegate.swift in Sources */ = {isa = PBXBuildFile; fileRef = 34BC10C6240534ED0082476D /* SceneDelegate.swift */; };
		34BC10C9240534ED0082476D /* ViewController.swift in Sources */ = {isa = PBXBuildFile; fileRef = 34BC10C8240534ED0082476D /* ViewController.swift */; };
		34BC10CC240534ED0082476D /* Main.storyboard in Resources */ = {isa = PBXBuildFile; fileRef = 34BC10CA240534ED0082476D /* Main.storyboard */; };
		34BC10CE240534ED0082476D /* Assets.xcassets in Resources */ = {isa = PBXBuildFile; fileRef = 34BC10CD240534ED0082476D /* Assets.xcassets */; };
		34BC10D1240534ED0082476D /* LaunchScreen.storyboard in Resources */ = {isa = PBXBuildFile; fileRef = 34BC10CF240534ED0082476D /* LaunchScreen.storyboard */; };
		BE2AD034087A7B636C991B68 /* libPods-Papp-iOS.a in Frameworks */ = {isa = PBXBuildFile; fileRef = 50BCF1B8E002E01FB29C508A /* libPods-Papp-iOS.a */; };
/* End PBXBuildFile section */

/* Begin PBXFileReference section */
		10BD691B177CC7E27620FC44 /* Pods-Papp-iOS.release.xcconfig */ = {isa = PBXFileReference; includeInIndex = 1; lastKnownFileType = text.xcconfig; name = "Pods-Papp-iOS.release.xcconfig"; path = "Target Support Files/Pods-Papp-iOS/Pods-Papp-iOS.release.xcconfig"; sourceTree = "<group>"; };
		34BC10C1240534ED0082476D /* Papp-iOS.app */ = {isa = PBXFileReference; explicitFileType = wrapper.application; includeInIndex = 0; path = "Papp-iOS.app"; sourceTree = BUILT_PRODUCTS_DIR; };
		34BC10C4240534ED0082476D /* AppDelegate.swift */ = {isa = PBXFileReference; lastKnownFileType = sourcecode.swift; path = AppDelegate.swift; sourceTree = "<group>"; };
		34BC10C6240534ED0082476D /* SceneDelegate.swift */ = {isa = PBXFileReference; lastKnownFileType = sourcecode.swift; path = SceneDelegate.swift; sourceTree = "<group>"; };
		34BC10C8240534ED0082476D /* ViewController.swift */ = {isa = PBXFileReference; lastKnownFileType = sourcecode.swift; path = ViewController.swift; sourceTree = "<group>"; };
		34BC10CB240534ED0082476D /* Base */ = {isa = PBXFileReference; lastKnownFileType = file.storyboard; name = Base; path = Base.lproj/Main.storyboard; sourceTree = "<group>"; };
		34BC10CD240534ED0082476D /* Assets.xcassets */ = {isa = PBXFileReference; lastKnownFileType = folder.assetcatalog; path = Assets.xcassets; sourceTree = "<group>"; };
		34BC10D0240534ED0082476D /* Base */ = {isa = PBXFileReference; lastKnownFileType = file.storyboard; name = Base; path = Base.lproj/LaunchScreen.storyboard; sourceTree = "<group>"; };
		34BC10D2240534ED0082476D /* Info.plist */ = {isa = PBXFileReference; lastKnownFileType = text.plist.xml; path = Info.plist; sourceTree = "<group>"; };
		50BCF1B8E002E01FB29C508A /* libPods-Papp-iOS.a */ = {isa = PBXFileReference; explicitFileType = archive.ar; includeInIndex = 0; path = "libPods-Papp-iOS.a"; sourceTree = BUILT_PRODUCTS_DIR; };
		9E0C25528CBAB91B65E6BB84 /* Pods-Papp-iOS.debug.xcconfig */ = {isa = PBXFileReference; includeInIndex = 1; lastKnownFileType = text.xcconfig; name = "Pods-Papp-iOS.debug.xcconfig"; path = "Target Support Files/Pods-Papp-iOS/Pods-Papp-iOS.debug.xcconfig"; sourceTree = "<group>"; };
/* End PBXFileReference section */

/* Begin PBXFrameworksBuildPhase section */
		34BC10BE240534ED0082476D /* Frameworks */ = {
			isa = PBXFrameworksBuildPhase;
			buildActionMask = 2147483647;
			files = (
				BE2AD034087A7B636C991B68 /* libPods-Papp-iOS.a in Frameworks */,
			);
			runOnlyForDeploymentPostprocessing = 0;
		};
/* End PBXFrameworksBuildPhase section */

/* Begin PBXGroup section */
		34BC10B8240534ED0082476D = {
			isa = PBXGroup;
			children = (
				34BC10C3240534ED0082476D /* Papp-iOS */,
				34BC10C2240534ED0082476D /* Products */,
				7896B658C4A55B84695DADA2 /* Pods */,
				3D09587567127F9FF6E7A7B9 /* Frameworks */,
			);
			sourceTree = "<group>";
		};
		34BC10C2240534ED0082476D /* Products */ = {
			isa = PBXGroup;
			children = (
				34BC10C1240534ED0082476D /* Papp-iOS.app */,
			);
			name = Products;
			sourceTree = "<group>";
		};
		34BC10C3240534ED0082476D /* Papp-iOS */ = {
			isa = PBXGroup;
			children = (
				34BC10C4240534ED0082476D /* AppDelegate.swift */,
				34BC10C6240534ED0082476D /* SceneDelegate.swift */,
				34BC10C8240534ED0082476D /* ViewController.swift */,
				34BC10CA240534ED0082476D /* Main.storyboard */,
				34BC10CD240534ED0082476D /* Assets.xcassets */,
				34BC10CF240534ED0082476D /* LaunchScreen.storyboard */,
				34BC10D2240534ED0082476D /* Info.plist */,
			);
			path = "Papp-iOS";
			sourceTree = "<group>";
		};
		3D09587567127F9FF6E7A7B9 /* Frameworks */ = {
			isa = PBXGroup;
			children = (
				50BCF1B8E002E01FB29C508A /* libPods-Papp-iOS.a */,
			);
			name = Frameworks;
			sourceTree = "<group>";
		};
		7896B658C4A55B84695DADA2 /* Pods */ = {
			isa = PBXGroup;
			children = (
				9E0C25528CBAB91B65E6BB84 /* Pods-Papp-iOS.debug.xcconfig */,
				10BD691B177CC7E27620FC44 /* Pods-Papp-iOS.release.xcconfig */,
			);
			path = Pods;
			sourceTree = "<group>";
		};
/* End PBXGroup section */

/* Begin PBXNativeTarget section */
		34BC10C0240534ED0082476D /* Papp-iOS */ = {
			isa = PBXNativeTarget;
			buildConfigurationList = 34BC10D5240534ED0082476D /* Build configuration list for PBXNativeTarget "Papp-iOS" */;
			buildPhases = (
				C8E2F3FF6F035C3CF6661E5C /* [CP] Check Pods Manifest.lock */,
				34BC10BD240534ED0082476D /* Sources */,
				34BC10BE240534ED0082476D /* Frameworks */,
				34BC10BF240534ED0082476D /* Resources */,
				CBF7DB8C7A6CB33198EE1567 /* [CP] Copy Pods Resources */,
			);
			buildRules = (
			);
			dependencies = (
			);
			name = "Papp-iOS";
			productName = "Papp-iOS";
			productReference = 34BC10C1240534ED0082476D /* Papp-iOS.app */;
			productType = "com.apple.product-type.application";
		};
/* End PBXNativeTarget section */

/* Begin PBXProject section */
		34BC10B9240534ED0082476D /* Project object */ = {
			isa = PBXProject;
			attributes = {
				LastSwiftUpdateCheck = 1130;
				LastUpgradeCheck = 1130;
				ORGANIZATIONNAME = "Nikolaj Wassmann";
				TargetAttributes = {
					34BC10C0240534ED0082476D = {
						CreatedOnToolsVersion = 11.3.1;
					};
				};
			};
			buildConfigurationList = 34BC10BC240534ED0082476D /* Build configuration list for PBXProject "Papp-iOS" */;
			compatibilityVersion = "Xcode 9.3";
			developmentRegion = en;
			hasScannedForEncodings = 0;
			knownRegions = (
				en,
				Base,
			);
			mainGroup = 34BC10B8240534ED0082476D;
			productRefGroup = 34BC10C2240534ED0082476D /* Products */;
			projectDirPath = "";
			projectRoot = "";
			targets = (
				34BC10C0240534ED0082476D /* Papp-iOS */,
			);
		};
/* End PBXProject section */

/* Begin PBXResourcesBuildPhase section */
		34BC10BF240534ED0082476D /* Resources */ = {
			isa = PBXResourcesBuildPhase;
			buildActionMask = 2147483647;
			files = (
				34BC10D1240534ED0082476D /* LaunchScreen.storyboard in Resources */,
				34BC10CE240534ED0082476D /* Assets.xcassets in Resources */,
				34BC10CC240534ED0082476D /* Main.storyboard in Resources */,
			);
			runOnlyForDeploymentPostprocessing = 0;
		};
/* End PBXResourcesBuildPhase section */

/* Begin PBXShellScriptBuildPhase section */
		C8E2F3FF6F035C3CF6661E5C /* [CP] Check Pods Manifest.lock */ = {
			isa = PBXShellScriptBuildPhase;
			buildActionMask = 2147483647;
			files = (
			);
			inputFileListPaths = (
			);
			inputPaths = (
				"${PODS_PODFILE_DIR_PATH}/Podfile.lock",
				"${PODS_ROOT}/Manifest.lock",
			);
			name = "[CP] Check Pods Manifest.lock";
			outputFileListPaths = (
			);
			outputPaths = (
				"$(DERIVED_FILE_DIR)/Pods-Papp-iOS-checkManifestLockResult.txt",
			);
			runOnlyForDeploymentPostprocessing = 0;
			shellPath = /bin/sh;
			shellScript = "diff \"${PODS_PODFILE_DIR_PATH}/Podfile.lock\" \"${PODS_ROOT}/Manifest.lock\" > /dev/null\nif [ $? != 0 ] ; then\n    # print error to STDERR\n    echo \"error: The sandbox is not in sync with the Podfile.lock. Run 'pod install' or update your CocoaPods installation.\" >&2\n    exit 1\nfi\n# This output is used by Xcode 'outputs' to avoid re-running this script phase.\necho \"SUCCESS\" > \"${SCRIPT_OUTPUT_FILE_0}\"\n";
			showEnvVarsInLog = 0;
		};
		CBF7DB8C7A6CB33198EE1567 /* [CP] Copy Pods Resources */ = {
			isa = PBXShellScriptBuildPhase;
			buildActionMask = 2147483647;
			files = (
			);
			inputFileListPaths = (
				"${PODS_ROOT}/Target Support Files/Pods-Papp-iOS/Pods-Papp-iOS-resources-${CONFIGURATION}-input-files.xcfilelist",
			);
			name = "[CP] Copy Pods Resources";
			outputFileListPaths = (
				"${PODS_ROOT}/Target Support Files/Pods-Papp-iOS/Pods-Papp-iOS-resources-${CONFIGURATION}-output-files.xcfilelist",
			);
			runOnlyForDeploymentPostprocessing = 0;
			shellPath = /bin/sh;
			shellScript = "\"${PODS_ROOT}/Target Support Files/Pods-Papp-iOS/Pods-Papp-iOS-resources.sh\"\n";
			showEnvVarsInLog = 0;
		};
/* End PBXShellScriptBuildPhase section */

/* Begin PBXSourcesBuildPhase section */
		34BC10BD240534ED0082476D /* Sources */ = {
			isa = PBXSourcesBuildPhase;
			buildActionMask = 2147483647;
			files = (
				34BC10C9240534ED0082476D /* ViewController.swift in Sources */,
				34BC10C5240534ED0082476D /* AppDelegate.swift in Sources */,
				34BC10C7240534ED0082476D /* SceneDelegate.swift in Sources */,
			);
			runOnlyForDeploymentPostprocessing = 0;
		};
/* End PBXSourcesBuildPhase section */

/* Begin PBXVariantGroup section */
		34BC10CA240534ED0082476D /* Main.storyboard */ = {
			isa = PBXVariantGroup;
			children = (
				34BC10CB240534ED0082476D /* Base */,
			);
			name = Main.storyboard;
			sourceTree = "<group>";
		};
		34BC10CF240534ED0082476D /* LaunchScreen.storyboard */ = {
			isa = PBXVariantGroup;
			children = (
				34BC10D0240534ED0082476D /* Base */,
			);
			name = LaunchScreen.storyboard;
			sourceTree = "<group>";
		};
/* End PBXVariantGroup section */

/* Begin XCBuildConfiguration section */
		34BC10D3240534ED0082476D /* Debug */ = {
			isa = XCBuildConfiguration;
			buildSettings = {
				ALWAYS_SEARCH_USER_PATHS = NO;
				CLANG_ANALYZER_NONNULL = YES;
				CLANG_ANALYZER_NUMBER_OBJECT_CONVERSION = YES_AGGRESSIVE;
				CLANG_CXX_LANGUAGE_STANDARD = "gnu++14";
				CLANG_CXX_LIBRARY = "libc++";
				CLANG_ENABLE_MODULES = YES;
				CLANG_ENABLE_OBJC_ARC = YES;
				CLANG_ENABLE_OBJC_WEAK = YES;
				CLANG_WARN_BLOCK_CAPTURE_AUTORELEASING = YES;
				CLANG_WARN_BOOL_CONVERSION = YES;
				CLANG_WARN_COMMA = YES;
				CLANG_WARN_CONSTANT_CONVERSION = YES;
				CLANG_WARN_DEPRECATED_OBJC_IMPLEMENTATIONS = YES;
				CLANG_WARN_DIRECT_OBJC_ISA_USAGE = YES_ERROR;
				CLANG_WARN_DOCUMENTATION_COMMENTS = YES;
				CLANG_WARN_EMPTY_BODY = YES;
				CLANG_WARN_ENUM_CONVERSION = YES;
				CLANG_WARN_INFINITE_RECURSION = YES;
				CLANG_WARN_INT_CONVERSION = YES;
				CLANG_WARN_NON_LITERAL_NULL_CONVERSION = YES;
				CLANG_WARN_OBJC_IMPLICIT_RETAIN_SELF = YES;
				CLANG_WARN_OBJC_LITERAL_CONVERSION = YES;
				CLANG_WARN_OBJC_ROOT_CLASS = YES_ERROR;
				CLANG_WARN_RANGE_LOOP_ANALYSIS = YES;
				CLANG_WARN_STRICT_PROTOTYPES = YES;
				CLANG_WARN_SUSPICIOUS_MOVE = YES;
				CLANG_WARN_UNGUARDED_AVAILABILITY = YES_AGGRESSIVE;
				CLANG_WARN_UNREACHABLE_CODE = YES;
				CLANG_WARN__DUPLICATE_METHOD_MATCH = YES;
				COPY_PHASE_STRIP = NO;
				DEBUG_INFORMATION_FORMAT = dwarf;
				ENABLE_STRICT_OBJC_MSGSEND = YES;
				ENABLE_TESTABILITY = YES;
				GCC_C_LANGUAGE_STANDARD = gnu11;
				GCC_DYNAMIC_NO_PIC = NO;
				GCC_NO_COMMON_BLOCKS = YES;
				GCC_OPTIMIZATION_LEVEL = 0;
				GCC_PREPROCESSOR_DEFINITIONS = (
					"DEBUG=1",
					"$(inherited)",
				);
				GCC_WARN_64_TO_32_BIT_CONVERSION = YES;
				GCC_WARN_ABOUT_RETURN_TYPE = YES_ERROR;
				GCC_WARN_UNDECLARED_SELECTOR = YES;
				GCC_WARN_UNINITIALIZED_AUTOS = YES_AGGRESSIVE;
				GCC_WARN_UNUSED_FUNCTION = YES;
				GCC_WARN_UNUSED_VARIABLE = YES;
				IPHONEOS_DEPLOYMENT_TARGET = 13.2;
				MTL_ENABLE_DEBUG_INFO = INCLUDE_SOURCE;
				MTL_FAST_MATH = YES;
				ONLY_ACTIVE_ARCH = YES;
				SDKROOT = iphoneos;
				SWIFT_ACTIVE_COMPILATION_CONDITIONS = DEBUG;
				SWIFT_OPTIMIZATION_LEVEL = "-Onone";
			};
			name = Debug;
		};
		34BC10D4240534ED0082476D /* Release */ = {
			isa = XCBuildConfiguration;
			buildSettings = {
				ALWAYS_SEARCH_USER_PATHS = NO;
				CLANG_ANALYZER_NONNULL = YES;
				CLANG_ANALYZER_NUMBER_OBJECT_CONVERSION = YES_AGGRESSIVE;
				CLANG_CXX_LANGUAGE_STANDARD = "gnu++14";
				CLANG_CXX_LIBRARY = "libc++";
				CLANG_ENABLE_MODULES = YES;
				CLANG_ENABLE_OBJC_ARC = YES;
				CLANG_ENABLE_OBJC_WEAK = YES;
				CLANG_WARN_BLOCK_CAPTURE_AUTORELEASING = YES;
				CLANG_WARN_BOOL_CONVERSION = YES;
				CLANG_WARN_COMMA = YES;
				CLANG_WARN_CONSTANT_CONVERSION = YES;
				CLANG_WARN_DEPRECATED_OBJC_IMPLEMENTATIONS = YES;
				CLANG_WARN_DIRECT_OBJC_ISA_USAGE = YES_ERROR;
				CLANG_WARN_DOCUMENTATION_COMMENTS = YES;
				CLANG_WARN_EMPTY_BODY = YES;
				CLANG_WARN_ENUM_CONVERSION = YES;
				CLANG_WARN_INFINITE_RECURSION = YES;
				CLANG_WARN_INT_CONVERSION = YES;
				CLANG_WARN_NON_LITERAL_NULL_CONVERSION = YES;
				CLANG_WARN_OBJC_IMPLICIT_RETAIN_SELF = YES;
				CLANG_WARN_OBJC_LITERAL_CONVERSION = YES;
				CLANG_WARN_OBJC_ROOT_CLASS = YES_ERROR;
				CLANG_WARN_RANGE_LOOP_ANALYSIS = YES;
				CLANG_WARN_STRICT_PROTOTYPES = YES;
				CLANG_WARN_SUSPICIOUS_MOVE = YES;
				CLANG_WARN_UNGUARDED_AVAILABILITY = YES_AGGRESSIVE;
				CLANG_WARN_UNREACHABLE_CODE = YES;
				CLANG_WARN__DUPLICATE_METHOD_MATCH = YES;
				COPY_PHASE_STRIP = NO;
				DEBUG_INFORMATION_FORMAT = "dwarf-with-dsym";
				ENABLE_NS_ASSERTIONS = NO;
				ENABLE_STRICT_OBJC_MSGSEND = YES;
				GCC_C_LANGUAGE_STANDARD = gnu11;
				GCC_NO_COMMON_BLOCKS = YES;
				GCC_WARN_64_TO_32_BIT_CONVERSION = YES;
				GCC_WARN_ABOUT_RETURN_TYPE = YES_ERROR;
				GCC_WARN_UNDECLARED_SELECTOR = YES;
				GCC_WARN_UNINITIALIZED_AUTOS = YES_AGGRESSIVE;
				GCC_WARN_UNUSED_FUNCTION = YES;
				GCC_WARN_UNUSED_VARIABLE = YES;
				IPHONEOS_DEPLOYMENT_TARGET = 13.2;
				MTL_ENABLE_DEBUG_INFO = NO;
				MTL_FAST_MATH = YES;
				SDKROOT = iphoneos;
				SWIFT_COMPILATION_MODE = wholemodule;
				SWIFT_OPTIMIZATION_LEVEL = "-O";
				VALIDATE_PRODUCT = YES;
			};
			name = Release;
		};
		34BC10D6240534ED0082476D /* Debug */ = {
			isa = XCBuildConfiguration;
			baseConfigurationReference = 9E0C25528CBAB91B65E6BB84 /* Pods-Papp-iOS.debug.xcconfig */;
			buildSettings = {
				ASSETCATALOG_COMPILER_APPICON_NAME = AppIcon;
				CODE_SIGN_STYLE = Automatic;
				DEVELOPMENT_TEAM = Q2ALCA8JWV;
				INFOPLIST_FILE = "Papp-iOS/Info.plist";
				LD_RUNPATH_SEARCH_PATHS = (
					"$(inherited)",
					"@executable_path/Frameworks",
				);
				PRODUCT_BUNDLE_IDENTIFIER = "com.wassmann..Papp-iOS";
				PRODUCT_NAME = "$(TARGET_NAME)";
				SWIFT_VERSION = 5.0;
				TARGETED_DEVICE_FAMILY = "1,2";
			};
			name = Debug;
		};
		34BC10D7240534ED0082476D /* Release */ = {
			isa = XCBuildConfiguration;
			baseConfigurationReference = 10BD691B177CC7E27620FC44 /* Pods-Papp-iOS.release.xcconfig */;
			buildSettings = {
				ASSETCATALOG_COMPILER_APPICON_NAME = AppIcon;
				CODE_SIGN_STYLE = Automatic;
				DEVELOPMENT_TEAM = Q2ALCA8JWV;
				INFOPLIST_FILE = "Papp-iOS/Info.plist";
				LD_RUNPATH_SEARCH_PATHS = (
					"$(inherited)",
					"@executable_path/Frameworks",
				);
				PRODUCT_BUNDLE_IDENTIFIER = "com.wassmann..Papp-iOS";
				PRODUCT_NAME = "$(TARGET_NAME)";
				SWIFT_VERSION = 5.0;
				TARGETED_DEVICE_FAMILY = "1,2";
			};
			name = Release;
		};
/* End XCBuildConfiguration section */

/* Begin XCConfigurationList section */
		34BC10BC240534ED0082476D /* Build configuration list for PBXProject "Papp-iOS" */ = {
			isa = XCConfigurationList;
			buildConfigurations = (
				34BC10D3240534ED0082476D /* Debug */,
				34BC10D4240534ED0082476D /* Release */,
			);
			defaultConfigurationIsVisible = 0;
			defaultConfigurationName = Release;
		};
		34BC10D5240534ED0082476D /* Build configuration list for PBXNativeTarget "Papp-iOS" */ = {
			isa = XCConfigurationList;
			buildConfigurations = (
				34BC10D6240534ED0082476D /* Debug */,
				34BC10D7240534ED0082476D /* Release */,
			);
			defaultConfigurationIsVisible = 0;
			defaultConfigurationName = Release;
		};
/* End XCConfigurationList section */
	};
	rootObject = 34BC10B9240534ED0082476D /* Project object */;
}
